PODS:
  - MBProgressHUD (1.0.0)
  - SlackTextViewController (1.9.4)
  - Timepiece (0.4.3)
  - Toucan (0.5.0)
  - WYPopoverController (0.3.9)

DEPENDENCIES:
  - MBProgressHUD
  - SlackTextViewController (~> 1.6)
  - Timepiece
  - Toucan (~> 0.5.0)
  - WYPopoverController

SPEC CHECKSUMS:
  MBProgressHUD: 4890f671c94e8a0f3cf959aa731e9de2f036d71a
  SlackTextViewController: d490f354dba963bc469a6b9ce3213978eaed67a5
  Timepiece: b5038887b91d6eb70653173f4270e06b3abeac41
  Toucan: 0519c341148252ae114c5a657d2a85bb9ada9e40
  WYPopoverController: a9db25ac2841a686acdc0f3a99bdb21545db32f4

PODFILE CHECKSUM: 220e8258bd5dad82ce831aab5477759c63c84f15

COCOAPODS: 1.0.1
