// !$*UTF8*$!
{
	archiveVersion = 1;
	classes = {
	};
	objectVersion = 46;
	objects = {

/* Begin PBXBuildFile section */
		3F579777CAFDF7864BCCA195 /* Pods_JTGApp.framework in Frameworks */ = {isa = PBXBuildFile; fileRef = DB4180E9AE86AFA9AF9BB42C /* Pods_JTGApp.framework */; };
		8042B49A1CED574400526065 /* GuideStartButtonCell.swift in Sources */ = {isa = PBXBuildFile; fileRef = 8042B4981CED574400526065 /* GuideStartButtonCell.swift */; };
		8042B49B1CED574400526065 /* GuideStartButtonCell.xib in Resources */ = {isa = PBXBuildFile; fileRef = 8042B4991CED574400526065 /* GuideStartButtonCell.xib */; };
		807FE7311CEC78E400F69D42 /* GuideCell.swift in Sources */ = {isa = PBXBuildFile; fileRef = 807FE72F1CEC78E400F69D42 /* GuideCell.swift */; };
		807FE7321CEC78E400F69D42 /* GuideCell.xib in Resources */ = {isa = PBXBuildFile; fileRef = 807FE7301CEC78E400F69D42 /* GuideCell.xib */; };
		807FE7341CEC816900F69D42 /* TourDays.swift in Sources */ = {isa = PBXBuildFile; fileRef = 807FE7331CEC816900F69D42 /* TourDays.swift */; };
		807FE7361CEC8D8B00F69D42 /* GuideDetailViewController.swift in Sources */ = {isa = PBXBuildFile; fileRef = 807FE7351CEC8D8B00F69D42 /* GuideDetailViewController.swift */; };
		807FE7391CED500500F69D42 /* GuideProfileCell.swift in Sources */ = {isa = PBXBuildFile; fileRef = 807FE7371CED500500F69D42 /* GuideProfileCell.swift */; };
		807FE73A1CED500500F69D42 /* GuideProfileCell.xib in Resources */ = {isa = PBXBuildFile; fileRef = 807FE7381CED500500F69D42 /* GuideProfileCell.xib */; };
		8092981E1CEB18C5009662FD /* GuideTableViewController.swift in Sources */ = {isa = PBXBuildFile; fileRef = 8092981D1CEB18C5009662FD /* GuideTableViewController.swift */; };
		80A6ED701CEDB6CB00974CB4 /* ChatListViewController.swift in Sources */ = {isa = PBXBuildFile; fileRef = 80A6ED6F1CEDB6CB00974CB4 /* ChatListViewController.swift */; };
		80A6ED721CEDB6F300974CB4 /* ChatTalkViewController.swift in Sources */ = {isa = PBXBuildFile; fileRef = 80A6ED711CEDB6F300974CB4 /* ChatTalkViewController.swift */; };
		80A6ED751CEDB72D00974CB4 /* ChatListCell.swift in Sources */ = {isa = PBXBuildFile; fileRef = 80A6ED731CEDB72D00974CB4 /* ChatListCell.swift */; };
		80A6ED761CEDB72D00974CB4 /* ChatListCell.xib in Resources */ = {isa = PBXBuildFile; fileRef = 80A6ED741CEDB72D00974CB4 /* ChatListCell.xib */; };
		80A6ED791CEDB76100974CB4 /* ChatMyTalkCell.swift in Sources */ = {isa = PBXBuildFile; fileRef = 80A6ED771CEDB76100974CB4 /* ChatMyTalkCell.swift */; };
		80A6ED7A1CEDB76100974CB4 /* ChatMyTalkCell.xib in Resources */ = {isa = PBXBuildFile; fileRef = 80A6ED781CEDB76100974CB4 /* ChatMyTalkCell.xib */; };
		80A6ED7D1CEDB7C600974CB4 /* ChatReceiveTalkCell.swift in Sources */ = {isa = PBXBuildFile; fileRef = 80A6ED7B1CEDB7C600974CB4 /* ChatReceiveTalkCell.swift */; };
		80A6ED7E1CEDB7C600974CB4 /* ChatReceiveTalkCell.xib in Resources */ = {isa = PBXBuildFile; fileRef = 80A6ED7C1CEDB7C600974CB4 /* ChatReceiveTalkCell.xib */; };
		80A6ED831CEDC48E00974CB4 /* ChatList.swift in Sources */ = {isa = PBXBuildFile; fileRef = 80A6ED821CEDC48E00974CB4 /* ChatList.swift */; };
		80C6561F1CEC6DC8006C913A /* Guide.swift in Sources */ = {isa = PBXBuildFile; fileRef = 80C6561E1CEC6DC8006C913A /* Guide.swift */; };
		80D998181CE20C9B009C6E1A /* AppDelegate.swift in Sources */ = {isa = PBXBuildFile; fileRef = 80D998171CE20C9B009C6E1A /* AppDelegate.swift */; };
		80D9981D1CE20C9B009C6E1A /* Main.storyboard in Resources */ = {isa = PBXBuildFile; fileRef = 80D9981B1CE20C9B009C6E1A /* Main.storyboard */; };
		80D9981F1CE20C9B009C6E1A /* Assets.xcassets in Resources */ = {isa = PBXBuildFile; fileRef = 80D9981E1CE20C9B009C6E1A /* Assets.xcassets */; };
		80D998221CE20C9B009C6E1A /* LaunchScreen.storyboard in Resources */ = {isa = PBXBuildFile; fileRef = 80D998201CE20C9B009C6E1A /* LaunchScreen.storyboard */; };
		80D9982D1CE20C9B009C6E1A /* JTGAppTests.swift in Sources */ = {isa = PBXBuildFile; fileRef = 80D9982C1CE20C9B009C6E1A /* JTGAppTests.swift */; };
		80D998381CE20C9B009C6E1A /* JTGAppUITests.swift in Sources */ = {isa = PBXBuildFile; fileRef = 80D998371CE20C9B009C6E1A /* JTGAppUITests.swift */; };
		80E5D4AE1CED879400C31B80 /* MyData.swift in Sources */ = {isa = PBXBuildFile; fileRef = 80E5D4AD1CED879400C31B80 /* MyData.swift */; };
		80E5D4B11CED8E6700C31B80 /* MyInfoViewController.swift in Sources */ = {isa = PBXBuildFile; fileRef = 80E5D4B01CED8E6700C31B80 /* MyInfoViewController.swift */; };
		80E5D4B41CED8F7000C31B80 /* MyInfoCell.swift in Sources */ = {isa = PBXBuildFile; fileRef = 80E5D4B21CED8F7000C31B80 /* MyInfoCell.swift */; };
		80E5D4B51CED8F7000C31B80 /* MyInfoCell.xib in Resources */ = {isa = PBXBuildFile; fileRef = 80E5D4B31CED8F7000C31B80 /* MyInfoCell.xib */; };
		80E5D4B81CEDA82000C31B80 /* QuartzCore.framework in Frameworks */ = {isa = PBXBuildFile; fileRef = 80E5D4B71CEDA82000C31B80 /* QuartzCore.framework */; };
/* End PBXBuildFile section */

/* Begin PBXContainerItemProxy section */
		80D998291CE20C9B009C6E1A /* PBXContainerItemProxy */ = {
			isa = PBXContainerItemProxy;
			containerPortal = 80D9980C1CE20C9B009C6E1A /* Project object */;
			proxyType = 1;
			remoteGlobalIDString = 80D998131CE20C9B009C6E1A;
			remoteInfo = JTGApp;
		};
		80D998341CE20C9B009C6E1A /* PBXContainerItemProxy */ = {
			isa = PBXContainerItemProxy;
			containerPortal = 80D9980C1CE20C9B009C6E1A /* Project object */;
			proxyType = 1;
			remoteGlobalIDString = 80D998131CE20C9B009C6E1A;
			remoteInfo = JTGApp;
		};
/* End PBXContainerItemProxy section */

/* Begin PBXFileReference section */
		8042B4981CED574400526065 /* GuideStartButtonCell.swift */ = {isa = PBXFileReference; fileEncoding = 4; lastKnownFileType = sourcecode.swift; path = GuideStartButtonCell.swift; sourceTree = "<group>"; };
		8042B4991CED574400526065 /* GuideStartButtonCell.xib */ = {isa = PBXFileReference; fileEncoding = 4; lastKnownFileType = file.xib; path = GuideStartButtonCell.xib; sourceTree = "<group>"; };
		807FE72F1CEC78E400F69D42 /* GuideCell.swift */ = {isa = PBXFileReference; fileEncoding = 4; lastKnownFileType = sourcecode.swift; path = GuideCell.swift; sourceTree = "<group>"; };
		807FE7301CEC78E400F69D42 /* GuideCell.xib */ = {isa = PBXFileReference; fileEncoding = 4; lastKnownFileType = file.xib; path = GuideCell.xib; sourceTree = "<group>"; };
		807FE7331CEC816900F69D42 /* TourDays.swift */ = {isa = PBXFileReference; fileEncoding = 4; lastKnownFileType = sourcecode.swift; path = TourDays.swift; sourceTree = "<group>"; };
		807FE7351CEC8D8B00F69D42 /* GuideDetailViewController.swift */ = {isa = PBXFileReference; fileEncoding = 4; lastKnownFileType = sourcecode.swift; path = GuideDetailViewController.swift; sourceTree = "<group>"; };
		807FE7371CED500500F69D42 /* GuideProfileCell.swift */ = {isa = PBXFileReference; fileEncoding = 4; lastKnownFileType = sourcecode.swift; path = GuideProfileCell.swift; sourceTree = "<group>"; };
		807FE7381CED500500F69D42 /* GuideProfileCell.xib */ = {isa = PBXFileReference; fileEncoding = 4; lastKnownFileType = file.xib; path = GuideProfileCell.xib; sourceTree = "<group>"; };
		8092981D1CEB18C5009662FD /* GuideTableViewController.swift */ = {isa = PBXFileReference; fileEncoding = 4; lastKnownFileType = sourcecode.swift; path = GuideTableViewController.swift; sourceTree = "<group>"; };
		80A6ED6F1CEDB6CB00974CB4 /* ChatListViewController.swift */ = {isa = PBXFileReference; fileEncoding = 4; lastKnownFileType = sourcecode.swift; path = ChatListViewController.swift; sourceTree = "<group>"; };
		80A6ED711CEDB6F300974CB4 /* ChatTalkViewController.swift */ = {isa = PBXFileReference; fileEncoding = 4; lastKnownFileType = sourcecode.swift; path = ChatTalkViewController.swift; sourceTree = "<group>"; };
		80A6ED731CEDB72D00974CB4 /* ChatListCell.swift */ = {isa = PBXFileReference; fileEncoding = 4; lastKnownFileType = sourcecode.swift; path = ChatListCell.swift; sourceTree = "<group>"; };
		80A6ED741CEDB72D00974CB4 /* ChatListCell.xib */ = {isa = PBXFileReference; fileEncoding = 4; lastKnownFileType = file.xib; path = ChatListCell.xib; sourceTree = "<group>"; };
		80A6ED771CEDB76100974CB4 /* ChatMyTalkCell.swift */ = {isa = PBXFileReference; fileEncoding = 4; lastKnownFileType = sourcecode.swift; path = ChatMyTalkCell.swift; sourceTree = "<group>"; };
		80A6ED781CEDB76100974CB4 /* ChatMyTalkCell.xib */ = {isa = PBXFileReference; fileEncoding = 4; lastKnownFileType = file.xib; path = ChatMyTalkCell.xib; sourceTree = "<group>"; };
		80A6ED7B1CEDB7C600974CB4 /* ChatReceiveTalkCell.swift */ = {isa = PBXFileReference; fileEncoding = 4; lastKnownFileType = sourcecode.swift; path = ChatReceiveTalkCell.swift; sourceTree = "<group>"; };
		80A6ED7C1CEDB7C600974CB4 /* ChatReceiveTalkCell.xib */ = {isa = PBXFileReference; fileEncoding = 4; lastKnownFileType = file.xib; path = ChatReceiveTalkCell.xib; sourceTree = "<group>"; };
		80A6ED821CEDC48E00974CB4 /* ChatList.swift */ = {isa = PBXFileReference; fileEncoding = 4; lastKnownFileType = sourcecode.swift; path = ChatList.swift; sourceTree = "<group>"; };
		80C6561E1CEC6DC8006C913A /* Guide.swift */ = {isa = PBXFileReference; fileEncoding = 4; lastKnownFileType = sourcecode.swift; path = Guide.swift; sourceTree = "<group>"; };
		80D998141CE20C9B009C6E1A /* JTGApp.app */ = {isa = PBXFileReference; explicitFileType = wrapper.application; includeInIndex = 0; path = JTGApp.app; sourceTree = BUILT_PRODUCTS_DIR; };
		80D998171CE20C9B009C6E1A /* AppDelegate.swift */ = {isa = PBXFileReference; lastKnownFileType = sourcecode.swift; path = AppDelegate.swift; sourceTree = "<group>"; };
		80D9981C1CE20C9B009C6E1A /* Base */ = {isa = PBXFileReference; lastKnownFileType = file.storyboard; name = Base; path = Base.lproj/Main.storyboard; sourceTree = "<group>"; };
		80D9981E1CE20C9B009C6E1A /* Assets.xcassets */ = {isa = PBXFileReference; lastKnownFileType = folder.assetcatalog; path = Assets.xcassets; sourceTree = "<group>"; };
		80D998211CE20C9B009C6E1A /* Base */ = {isa = PBXFileReference; lastKnownFileType = file.storyboard; name = Base; path = Base.lproj/LaunchScreen.storyboard; sourceTree = "<group>"; };
		80D998231CE20C9B009C6E1A /* Info.plist */ = {isa = PBXFileReference; lastKnownFileType = text.plist.xml; path = Info.plist; sourceTree = "<group>"; };
		80D998281CE20C9B009C6E1A /* JTGAppTests.xctest */ = {isa = PBXFileReference; explicitFileType = wrapper.cfbundle; includeInIndex = 0; path = JTGAppTests.xctest; sourceTree = BUILT_PRODUCTS_DIR; };
		80D9982C1CE20C9B009C6E1A /* JTGAppTests.swift */ = {isa = PBXFileReference; lastKnownFileType = sourcecode.swift; path = JTGAppTests.swift; sourceTree = "<group>"; };
		80D9982E1CE20C9B009C6E1A /* Info.plist */ = {isa = PBXFileReference; lastKnownFileType = text.plist.xml; path = Info.plist; sourceTree = "<group>"; };
		80D998331CE20C9B009C6E1A /* JTGAppUITests.xctest */ = {isa = PBXFileReference; explicitFileType = wrapper.cfbundle; includeInIndex = 0; path = JTGAppUITests.xctest; sourceTree = BUILT_PRODUCTS_DIR; };
		80D998371CE20C9B009C6E1A /* JTGAppUITests.swift */ = {isa = PBXFileReference; lastKnownFileType = sourcecode.swift; path = JTGAppUITests.swift; sourceTree = "<group>"; };
		80D998391CE20C9B009C6E1A /* Info.plist */ = {isa = PBXFileReference; lastKnownFileType = text.plist.xml; path = Info.plist; sourceTree = "<group>"; };
		80E5D4AD1CED879400C31B80 /* MyData.swift */ = {isa = PBXFileReference; fileEncoding = 4; lastKnownFileType = sourcecode.swift; path = MyData.swift; sourceTree = "<group>"; };
		80E5D4B01CED8E6700C31B80 /* MyInfoViewController.swift */ = {isa = PBXFileReference; fileEncoding = 4; lastKnownFileType = sourcecode.swift; path = MyInfoViewController.swift; sourceTree = "<group>"; };
		80E5D4B21CED8F7000C31B80 /* MyInfoCell.swift */ = {isa = PBXFileReference; fileEncoding = 4; lastKnownFileType = sourcecode.swift; path = MyInfoCell.swift; sourceTree = "<group>"; };
		80E5D4B31CED8F7000C31B80 /* MyInfoCell.xib */ = {isa = PBXFileReference; fileEncoding = 4; lastKnownFileType = file.xib; path = MyInfoCell.xib; sourceTree = "<group>"; };
		80E5D4B71CEDA82000C31B80 /* QuartzCore.framework */ = {isa = PBXFileReference; lastKnownFileType = wrapper.framework; name = QuartzCore.framework; path = System/Library/Frameworks/QuartzCore.framework; sourceTree = SDKROOT; };
		AC66D505AD93A867D9D1F893 /* Pods-JTGApp.debug.xcconfig */ = {isa = PBXFileReference; includeInIndex = 1; lastKnownFileType = text.xcconfig; name = "Pods-JTGApp.debug.xcconfig"; path = "Pods/Target Support Files/Pods-JTGApp/Pods-JTGApp.debug.xcconfig"; sourceTree = "<group>"; };
		DB4180E9AE86AFA9AF9BB42C /* Pods_JTGApp.framework */ = {isa = PBXFileReference; explicitFileType = wrapper.framework; includeInIndex = 0; path = Pods_JTGApp.framework; sourceTree = BUILT_PRODUCTS_DIR; };
		E5431DEF354779515868B2DA /* Pods-JTGApp.release.xcconfig */ = {isa = PBXFileReference; includeInIndex = 1; lastKnownFileType = text.xcconfig; name = "Pods-JTGApp.release.xcconfig"; path = "Pods/Target Support Files/Pods-JTGApp/Pods-JTGApp.release.xcconfig"; sourceTree = "<group>"; };
/* End PBXFileReference section */

/* Begin PBXFrameworksBuildPhase section */
		80D998111CE20C9B009C6E1A /* Frameworks */ = {
			isa = PBXFrameworksBuildPhase;
			buildActionMask = 2147483647;
			files = (
				80E5D4B81CEDA82000C31B80 /* QuartzCore.framework in Frameworks */,
				3F579777CAFDF7864BCCA195 /* Pods_JTGApp.framework in Frameworks */,
			);
			runOnlyForDeploymentPostprocessing = 0;
		};
		80D998251CE20C9B009C6E1A /* Frameworks */ = {
			isa = PBXFrameworksBuildPhase;
			buildActionMask = 2147483647;
			files = (
			);
			runOnlyForDeploymentPostprocessing = 0;
		};
		80D998301CE20C9B009C6E1A /* Frameworks */ = {
			isa = PBXFrameworksBuildPhase;
			buildActionMask = 2147483647;
			files = (
			);
			runOnlyForDeploymentPostprocessing = 0;
		};
/* End PBXFrameworksBuildPhase section */

/* Begin PBXGroup section */
		3D6B64F71A63FCE6A0BC4C45 /* Pods */ = {
			isa = PBXGroup;
			children = (
				AC66D505AD93A867D9D1F893 /* Pods-JTGApp.debug.xcconfig */,
				E5431DEF354779515868B2DA /* Pods-JTGApp.release.xcconfig */,
			);
			name = Pods;
			sourceTree = "<group>";
		};
		746EFB05BD0B75E4AA1C3802 /* Frameworks */ = {
			isa = PBXGroup;
			children = (
				80E5D4B71CEDA82000C31B80 /* QuartzCore.framework */,
				DB4180E9AE86AFA9AF9BB42C /* Pods_JTGApp.framework */,
			);
			name = Frameworks;
			sourceTree = "<group>";
		};
		80695CFF1CEDB209003ADB25 /* GuideTableViewController */ = {
			isa = PBXGroup;
			children = (
				8092981D1CEB18C5009662FD /* GuideTableViewController.swift */,
				807FE7351CEC8D8B00F69D42 /* GuideDetailViewController.swift */,
			);
			name = GuideTableViewController;
			sourceTree = "<group>";
		};
		80A6ED7F1CEDB7CC00974CB4 /* ChatViewController */ = {
			isa = PBXGroup;
			children = (
				80A6ED731CEDB72D00974CB4 /* ChatListCell.swift */,
				80A6ED741CEDB72D00974CB4 /* ChatListCell.xib */,
				80A6ED771CEDB76100974CB4 /* ChatMyTalkCell.swift */,
				80A6ED781CEDB76100974CB4 /* ChatMyTalkCell.xib */,
				80A6ED7B1CEDB7C600974CB4 /* ChatReceiveTalkCell.swift */,
				80A6ED7C1CEDB7C600974CB4 /* ChatReceiveTalkCell.xib */,
			);
			name = ChatViewController;
			sourceTree = "<group>";
		};
		80A6ED801CEDB7EB00974CB4 /* ChatViewController */ = {
			isa = PBXGroup;
			children = (
				80A6ED6F1CEDB6CB00974CB4 /* ChatListViewController.swift */,
				80A6ED711CEDB6F300974CB4 /* ChatTalkViewController.swift */,
			);
			name = ChatViewController;
			sourceTree = "<group>";
		};
		80A6ED811CEDB80900974CB4 /* MyInfoViewController */ = {
			isa = PBXGroup;
			children = (
				80E5D4B01CED8E6700C31B80 /* MyInfoViewController.swift */,
			);
			name = MyInfoViewController;
			sourceTree = "<group>";
		};
		80C6561B1CEC6D03006C913A /* ViewController */ = {
			isa = PBXGroup;
			children = (
				80695CFF1CEDB209003ADB25 /* GuideTableViewController */,
				80A6ED801CEDB7EB00974CB4 /* ChatViewController */,
				80A6ED811CEDB80900974CB4 /* MyInfoViewController */,
			);
			name = ViewController;
			sourceTree = "<group>";
		};
		80C6561C1CEC6D0C006C913A /* Models */ = {
			isa = PBXGroup;
			children = (
				80E5D4AD1CED879400C31B80 /* MyData.swift */,
				80C6561E1CEC6DC8006C913A /* Guide.swift */,
				80A6ED821CEDC48E00974CB4 /* ChatList.swift */,
				807FE7331CEC816900F69D42 /* TourDays.swift */,
			);
			name = Models;
			sourceTree = "<group>";
		};
		80C6561D1CEC6D16006C913A /* Views */ = {
			isa = PBXGroup;
			children = (
				80E5D4AF1CED8CBF00C31B80 /* GuideViewController */,
				80A6ED7F1CEDB7CC00974CB4 /* ChatViewController */,
				80E5D4B61CED8F7C00C31B80 /* MyInfoViewController */,
			);
			name = Views;
			sourceTree = "<group>";
		};
		80D9980B1CE20C9B009C6E1A = {
			isa = PBXGroup;
			children = (
				80D998161CE20C9B009C6E1A /* JTGApp */,
				80D9982B1CE20C9B009C6E1A /* JTGAppTests */,
				80D998361CE20C9B009C6E1A /* JTGAppUITests */,
				80D998151CE20C9B009C6E1A /* Products */,
				3D6B64F71A63FCE6A0BC4C45 /* Pods */,
				746EFB05BD0B75E4AA1C3802 /* Frameworks */,
			);
			sourceTree = "<group>";
		};
		80D998151CE20C9B009C6E1A /* Products */ = {
			isa = PBXGroup;
			children = (
				80D998141CE20C9B009C6E1A /* JTGApp.app */,
				80D998281CE20C9B009C6E1A /* JTGAppTests.xctest */,
				80D998331CE20C9B009C6E1A /* JTGAppUITests.xctest */,
			);
			name = Products;
			sourceTree = "<group>";
		};
		80D998161CE20C9B009C6E1A /* JTGApp */ = {
			isa = PBXGroup;
			children = (
				80D9981B1CE20C9B009C6E1A /* Main.storyboard */,
				80D998171CE20C9B009C6E1A /* AppDelegate.swift */,
				80C6561B1CEC6D03006C913A /* ViewController */,
				80C6561D1CEC6D16006C913A /* Views */,
				80C6561C1CEC6D0C006C913A /* Models */,
				80D9981E1CE20C9B009C6E1A /* Assets.xcassets */,
				80D998201CE20C9B009C6E1A /* LaunchScreen.storyboard */,
				80D998231CE20C9B009C6E1A /* Info.plist */,
			);
			path = JTGApp;
			sourceTree = "<group>";
		};
		80D9982B1CE20C9B009C6E1A /* JTGAppTests */ = {
			isa = PBXGroup;
			children = (
				80D9982C1CE20C9B009C6E1A /* JTGAppTests.swift */,
				80D9982E1CE20C9B009C6E1A /* Info.plist */,
			);
			path = JTGAppTests;
			sourceTree = "<group>";
		};
		80D998361CE20C9B009C6E1A /* JTGAppUITests */ = {
			isa = PBXGroup;
			children = (
				80D998371CE20C9B009C6E1A /* JTGAppUITests.swift */,
				80D998391CE20C9B009C6E1A /* Info.plist */,
			);
			path = JTGAppUITests;
			sourceTree = "<group>";
		};
		80E5D4AF1CED8CBF00C31B80 /* GuideViewController */ = {
			isa = PBXGroup;
			children = (
				807FE72F1CEC78E400F69D42 /* GuideCell.swift */,
				807FE7301CEC78E400F69D42 /* GuideCell.xib */,
				807FE7371CED500500F69D42 /* GuideProfileCell.swift */,
				807FE7381CED500500F69D42 /* GuideProfileCell.xib */,
				8042B4981CED574400526065 /* GuideStartButtonCell.swift */,
				8042B4991CED574400526065 /* GuideStartButtonCell.xib */,
			);
			name = GuideViewController;
			sourceTree = "<group>";
		};
		80E5D4B61CED8F7C00C31B80 /* MyInfoViewController */ = {
			isa = PBXGroup;
			children = (
				80E5D4B21CED8F7000C31B80 /* MyInfoCell.swift */,
				80E5D4B31CED8F7000C31B80 /* MyInfoCell.xib */,
			);
			name = MyInfoViewController;
			sourceTree = "<group>";
		};
/* End PBXGroup section */

/* Begin PBXNativeTarget section */
		80D998131CE20C9B009C6E1A /* JTGApp */ = {
			isa = PBXNativeTarget;
			buildConfigurationList = 80D9983C1CE20C9B009C6E1A /* Build configuration list for PBXNativeTarget "JTGApp" */;
			buildPhases = (
				6C33518F04D055CF43E130D8 /* Check Pods Manifest.lock */,
				80D998101CE20C9B009C6E1A /* Sources */,
				80D998111CE20C9B009C6E1A /* Frameworks */,
				80D998121CE20C9B009C6E1A /* Resources */,
				D221801BA0289DDD148BB12B /* Embed Pods Frameworks */,
				71B49FD3F6977C1BA460F777 /* Copy Pods Resources */,
			);
			buildRules = (
			);
			dependencies = (
			);
			name = JTGApp;
			productName = JTGApp;
			productReference = 80D998141CE20C9B009C6E1A /* JTGApp.app */;
			productType = "com.apple.product-type.application";
		};
		80D998271CE20C9B009C6E1A /* JTGAppTests */ = {
			isa = PBXNativeTarget;
			buildConfigurationList = 80D9983F1CE20C9B009C6E1A /* Build configuration list for PBXNativeTarget "JTGAppTests" */;
			buildPhases = (
				80D998241CE20C9B009C6E1A /* Sources */,
				80D998251CE20C9B009C6E1A /* Frameworks */,
				80D998261CE20C9B009C6E1A /* Resources */,
			);
			buildRules = (
			);
			dependencies = (
				80D9982A1CE20C9B009C6E1A /* PBXTargetDependency */,
			);
			name = JTGAppTests;
			productName = JTGAppTests;
			productReference = 80D998281CE20C9B009C6E1A /* JTGAppTests.xctest */;
			productType = "com.apple.product-type.bundle.unit-test";
		};
		80D998321CE20C9B009C6E1A /* JTGAppUITests */ = {
			isa = PBXNativeTarget;
			buildConfigurationList = 80D998421CE20C9B009C6E1A /* Build configuration list for PBXNativeTarget "JTGAppUITests" */;
			buildPhases = (
				80D9982F1CE20C9B009C6E1A /* Sources */,
				80D998301CE20C9B009C6E1A /* Frameworks */,
				80D998311CE20C9B009C6E1A /* Resources */,
			);
			buildRules = (
			);
			dependencies = (
				80D998351CE20C9B009C6E1A /* PBXTargetDependency */,
			);
			name = JTGAppUITests;
			productName = JTGAppUITests;
			productReference = 80D998331CE20C9B009C6E1A /* JTGAppUITests.xctest */;
			productType = "com.apple.product-type.bundle.ui-testing";
		};
/* End PBXNativeTarget section */

/* Begin PBXProject section */
		80D9980C1CE20C9B009C6E1A /* Project object */ = {
			isa = PBXProject;
			attributes = {
				LastSwiftUpdateCheck = 0730;
				LastUpgradeCheck = 0730;
				ORGANIZATIONNAME = gotoureiko;
				TargetAttributes = {
					80D998131CE20C9B009C6E1A = {
						CreatedOnToolsVersion = 7.3;
					};
					80D998271CE20C9B009C6E1A = {
						CreatedOnToolsVersion = 7.3;
						TestTargetID = 80D998131CE20C9B009C6E1A;
					};
					80D998321CE20C9B009C6E1A = {
						CreatedOnToolsVersion = 7.3;
						TestTargetID = 80D998131CE20C9B009C6E1A;
					};
				};
			};
			buildConfigurationList = 80D9980F1CE20C9B009C6E1A /* Build configuration list for PBXProject "JTGApp" */;
			compatibilityVersion = "Xcode 3.2";
			developmentRegion = English;
			hasScannedForEncodings = 0;
			knownRegions = (
				en,
				Base,
			);
			mainGroup = 80D9980B1CE20C9B009C6E1A;
			productRefGroup = 80D998151CE20C9B009C6E1A /* Products */;
			projectDirPath = "";
			projectRoot = "";
			targets = (
				80D998131CE20C9B009C6E1A /* JTGApp */,
				80D998271CE20C9B009C6E1A /* JTGAppTests */,
				80D998321CE20C9B009C6E1A /* JTGAppUITests */,
			);
		};
/* End PBXProject section */

/* Begin PBXResourcesBuildPhase section */
		80D998121CE20C9B009C6E1A /* Resources */ = {
			isa = PBXResourcesBuildPhase;
			buildActionMask = 2147483647;
			files = (
				807FE7321CEC78E400F69D42 /* GuideCell.xib in Resources */,
				80E5D4B51CED8F7000C31B80 /* MyInfoCell.xib in Resources */,
				80A6ED7A1CEDB76100974CB4 /* ChatMyTalkCell.xib in Resources */,
				80D998221CE20C9B009C6E1A /* LaunchScreen.storyboard in Resources */,
				807FE73A1CED500500F69D42 /* GuideProfileCell.xib in Resources */,
				80D9981F1CE20C9B009C6E1A /* Assets.xcassets in Resources */,
				80A6ED761CEDB72D00974CB4 /* ChatListCell.xib in Resources */,
				80A6ED7E1CEDB7C600974CB4 /* ChatReceiveTalkCell.xib in Resources */,
				80D9981D1CE20C9B009C6E1A /* Main.storyboard in Resources */,
				8042B49B1CED574400526065 /* GuideStartButtonCell.xib in Resources */,
			);
			runOnlyForDeploymentPostprocessing = 0;
		};
		80D998261CE20C9B009C6E1A /* Resources */ = {
			isa = PBXResourcesBuildPhase;
			buildActionMask = 2147483647;
			files = (
			);
			runOnlyForDeploymentPostprocessing = 0;
		};
		80D998311CE20C9B009C6E1A /* Resources */ = {
			isa = PBXResourcesBuildPhase;
			buildActionMask = 2147483647;
			files = (
			);
			runOnlyForDeploymentPostprocessing = 0;
		};
/* End PBXResourcesBuildPhase section */

/* Begin PBXShellScriptBuildPhase section */
		6C33518F04D055CF43E130D8 /* Check Pods Manifest.lock */ = {
			isa = PBXShellScriptBuildPhase;
			buildActionMask = 2147483647;
			files = (
			);
			inputPaths = (
			);
			name = "Check Pods Manifest.lock";
			outputPaths = (
			);
			runOnlyForDeploymentPostprocessing = 0;
			shellPath = /bin/sh;
			shellScript = "diff \"${PODS_ROOT}/../Podfile.lock\" \"${PODS_ROOT}/Manifest.lock\" > /dev/null\nif [[ $? != 0 ]] ; then\n    cat << EOM\nerror: The sandbox is not in sync with the Podfile.lock. Run 'pod install' or update your CocoaPods installation.\nEOM\n    exit 1\nfi\n";
			showEnvVarsInLog = 0;
		};
		71B49FD3F6977C1BA460F777 /* Copy Pods Resources */ = {
			isa = PBXShellScriptBuildPhase;
			buildActionMask = 2147483647;
			files = (
			);
			inputPaths = (
			);
			name = "Copy Pods Resources";
			outputPaths = (
			);
			runOnlyForDeploymentPostprocessing = 0;
			shellPath = /bin/sh;
			shellScript = "\"${SRCROOT}/Pods/Target Support Files/Pods-JTGApp/Pods-JTGApp-resources.sh\"\n";
			showEnvVarsInLog = 0;
		};
		D221801BA0289DDD148BB12B /* Embed Pods Frameworks */ = {
			isa = PBXShellScriptBuildPhase;
			buildActionMask = 2147483647;
			files = (
			);
			inputPaths = (
			);
			name = "Embed Pods Frameworks";
			outputPaths = (
			);
			runOnlyForDeploymentPostprocessing = 0;
			shellPath = /bin/sh;
			shellScript = "\"${SRCROOT}/Pods/Target Support Files/Pods-JTGApp/Pods-JTGApp-frameworks.sh\"\n";
			showEnvVarsInLog = 0;
		};
/* End PBXShellScriptBuildPhase section */

/* Begin PBXSourcesBuildPhase section */
		80D998101CE20C9B009C6E1A /* Sources */ = {
			isa = PBXSourcesBuildPhase;
			buildActionMask = 2147483647;
			files = (
				80A6ED831CEDC48E00974CB4 /* ChatList.swift in Sources */,
				80A6ED791CEDB76100974CB4 /* ChatMyTalkCell.swift in Sources */,
				80E5D4AE1CED879400C31B80 /* MyData.swift in Sources */,
				80C6561F1CEC6DC8006C913A /* Guide.swift in Sources */,
				80A6ED7D1CEDB7C600974CB4 /* ChatReceiveTalkCell.swift in Sources */,
				80E5D4B11CED8E6700C31B80 /* MyInfoViewController.swift in Sources */,
				80A6ED751CEDB72D00974CB4 /* ChatListCell.swift in Sources */,
				8092981E1CEB18C5009662FD /* GuideTableViewController.swift in Sources */,
				807FE7361CEC8D8B00F69D42 /* GuideDetailViewController.swift in Sources */,
				807FE7311CEC78E400F69D42 /* GuideCell.swift in Sources */,
				80A6ED701CEDB6CB00974CB4 /* ChatListViewController.swift in Sources */,
				807FE7341CEC816900F69D42 /* TourDays.swift in Sources */,
				8042B49A1CED574400526065 /* GuideStartButtonCell.swift in Sources */,
				807FE7391CED500500F69D42 /* GuideProfileCell.swift in Sources */,
				80A6ED721CEDB6F300974CB4 /* ChatTalkViewController.swift in Sources */,
				80E5D4B41CED8F7000C31B80 /* MyInfoCell.swift in Sources */,
				80D998181CE20C9B009C6E1A /* AppDelegate.swift in Sources */,
			);
			runOnlyForDeploymentPostprocessing = 0;
		};
		80D998241CE20C9B009C6E1A /* Sources */ = {
			isa = PBXSourcesBuildPhase;
			buildActionMask = 2147483647;
			files = (
				80D9982D1CE20C9B009C6E1A /* JTGAppTests.swift in Sources */,
			);
			runOnlyForDeploymentPostprocessing = 0;
		};
		80D9982F1CE20C9B009C6E1A /* Sources */ = {
			isa = PBXSourcesBuildPhase;
			buildActionMask = 2147483647;
			files = (
				80D998381CE20C9B009C6E1A /* JTGAppUITests.swift in Sources */,
			);
			runOnlyForDeploymentPostprocessing = 0;
		};
/* End PBXSourcesBuildPhase section */

/* Begin PBXTargetDependency section */
		80D9982A1CE20C9B009C6E1A /* PBXTargetDependency */ = {
			isa = PBXTargetDependency;
			target = 80D998131CE20C9B009C6E1A /* JTGApp */;
			targetProxy = 80D998291CE20C9B009C6E1A /* PBXContainerItemProxy */;
		};
		80D998351CE20C9B009C6E1A /* PBXTargetDependency */ = {
			isa = PBXTargetDependency;
			target = 80D998131CE20C9B009C6E1A /* JTGApp */;
			targetProxy = 80D998341CE20C9B009C6E1A /* PBXContainerItemProxy */;
		};
/* End PBXTargetDependency section */

/* Begin PBXVariantGroup section */
		80D9981B1CE20C9B009C6E1A /* Main.storyboard */ = {
			isa = PBXVariantGroup;
			children = (
				80D9981C1CE20C9B009C6E1A /* Base */,
			);
			name = Main.storyboard;
			sourceTree = "<group>";
		};
		80D998201CE20C9B009C6E1A /* LaunchScreen.storyboard */ = {
			isa = PBXVariantGroup;
			children = (
				80D998211CE20C9B009C6E1A /* Base */,
			);
			name = LaunchScreen.storyboard;
			sourceTree = "<group>";
		};
/* End PBXVariantGroup section */

/* Begin XCBuildConfiguration section */
		80D9983A1CE20C9B009C6E1A /* Debug */ = {
			isa = XCBuildConfiguration;
			buildSettings = {
				ALWAYS_SEARCH_USER_PATHS = NO;
				CLANG_ANALYZER_NONNULL = YES;
				CLANG_CXX_LANGUAGE_STANDARD = "gnu++0x";
				CLANG_CXX_LIBRARY = "libc++";
				CLANG_ENABLE_MODULES = YES;
				CLANG_ENABLE_OBJC_ARC = YES;
				CLANG_WARN_BOOL_CONVERSION = YES;
				CLANG_WARN_CONSTANT_CONVERSION = YES;
				CLANG_WARN_DIRECT_OBJC_ISA_USAGE = YES_ERROR;
				CLANG_WARN_EMPTY_BODY = YES;
				CLANG_WARN_ENUM_CONVERSION = YES;
				CLANG_WARN_INT_CONVERSION = YES;
				CLANG_WARN_OBJC_ROOT_CLASS = YES_ERROR;
				CLANG_WARN_UNREACHABLE_CODE = YES;
				CLANG_WARN__DUPLICATE_METHOD_MATCH = YES;
				"CODE_SIGN_IDENTITY[sdk=iphoneos*]" = "iPhone Developer";
				COPY_PHASE_STRIP = NO;
				DEBUG_INFORMATION_FORMAT = dwarf;
				ENABLE_STRICT_OBJC_MSGSEND = YES;
				ENABLE_TESTABILITY = YES;
				GCC_C_LANGUAGE_STANDARD = gnu99;
				GCC_DYNAMIC_NO_PIC = NO;
				GCC_NO_COMMON_BLOCKS = YES;
				GCC_OPTIMIZATION_LEVEL = 0;
				GCC_PREPROCESSOR_DEFINITIONS = (
					"DEBUG=1",
					"$(inherited)",
				);
				GCC_WARN_64_TO_32_BIT_CONVERSION = YES;
				GCC_WARN_ABOUT_RETURN_TYPE = YES_ERROR;
				GCC_WARN_UNDECLARED_SELECTOR = YES;
				GCC_WARN_UNINITIALIZED_AUTOS = YES_AGGRESSIVE;
				GCC_WARN_UNUSED_FUNCTION = YES;
				GCC_WARN_UNUSED_VARIABLE = YES;
				IPHONEOS_DEPLOYMENT_TARGET = 9.3;
				MTL_ENABLE_DEBUG_INFO = YES;
				ONLY_ACTIVE_ARCH = YES;
				SDKROOT = iphoneos;
				SWIFT_OPTIMIZATION_LEVEL = "-Onone";
			};
			name = Debug;
		};
		80D9983B1CE20C9B009C6E1A /* Release */ = {
			isa = XCBuildConfiguration;
			buildSettings = {
				ALWAYS_SEARCH_USER_PATHS = NO;
				CLANG_ANALYZER_NONNULL = YES;
				CLANG_CXX_LANGUAGE_STANDARD = "gnu++0x";
				CLANG_CXX_LIBRARY = "libc++";
				CLANG_ENABLE_MODULES = YES;
				CLANG_ENABLE_OBJC_ARC = YES;
				CLANG_WARN_BOOL_CONVERSION = YES;
				CLANG_WARN_CONSTANT_CONVERSION = YES;
				CLANG_WARN_DIRECT_OBJC_ISA_USAGE = YES_ERROR;
				CLANG_WARN_EMPTY_BODY = YES;
				CLANG_WARN_ENUM_CONVERSION = YES;
				CLANG_WARN_INT_CONVERSION = YES;
				CLANG_WARN_OBJC_ROOT_CLASS = YES_ERROR;
				CLANG_WARN_UNREACHABLE_CODE = YES;
				CLANG_WARN__DUPLICATE_METHOD_MATCH = YES;
				"CODE_SIGN_IDENTITY[sdk=iphoneos*]" = "iPhone Developer";
				COPY_PHASE_STRIP = NO;
				DEBUG_INFORMATION_FORMAT = "dwarf-with-dsym";
				ENABLE_NS_ASSERTIONS = NO;
				ENABLE_STRICT_OBJC_MSGSEND = YES;
				GCC_C_LANGUAGE_STANDARD = gnu99;
				GCC_NO_COMMON_BLOCKS = YES;
				GCC_WARN_64_TO_32_BIT_CONVERSION = YES;
				GCC_WARN_ABOUT_RETURN_TYPE = YES_ERROR;
				GCC_WARN_UNDECLARED_SELECTOR = YES;
				GCC_WARN_UNINITIALIZED_AUTOS = YES_AGGRESSIVE;
				GCC_WARN_UNUSED_FUNCTION = YES;
				GCC_WARN_UNUSED_VARIABLE = YES;
				IPHONEOS_DEPLOYMENT_TARGET = 9.3;
				MTL_ENABLE_DEBUG_INFO = NO;
				SDKROOT = iphoneos;
				VALIDATE_PRODUCT = YES;
			};
			name = Release;
		};
		80D9983D1CE20C9B009C6E1A /* Debug */ = {
			isa = XCBuildConfiguration;
			baseConfigurationReference = AC66D505AD93A867D9D1F893 /* Pods-JTGApp.debug.xcconfig */;
			buildSettings = {
				ASSETCATALOG_COMPILER_APPICON_NAME = AppIcon;
				INFOPLIST_FILE = JTGApp/Info.plist;
				LD_RUNPATH_SEARCH_PATHS = "$(inherited) @executable_path/Frameworks";
				PRODUCT_BUNDLE_IDENTIFIER = edu.self.JTGApp;
				PRODUCT_NAME = "$(TARGET_NAME)";
			};
			name = Debug;
		};
		80D9983E1CE20C9B009C6E1A /* Release */ = {
			isa = XCBuildConfiguration;
			baseConfigurationReference = E5431DEF354779515868B2DA /* Pods-JTGApp.release.xcconfig */;
			buildSettings = {
				ASSETCATALOG_COMPILER_APPICON_NAME = AppIcon;
				INFOPLIST_FILE = JTGApp/Info.plist;
				LD_RUNPATH_SEARCH_PATHS = "$(inherited) @executable_path/Frameworks";
				PRODUCT_BUNDLE_IDENTIFIER = edu.self.JTGApp;
				PRODUCT_NAME = "$(TARGET_NAME)";
			};
			name = Release;
		};
		80D998401CE20C9B009C6E1A /* Debug */ = {
			isa = XCBuildConfiguration;
			buildSettings = {
				BUNDLE_LOADER = "$(TEST_HOST)";
				INFOPLIST_FILE = JTGAppTests/Info.plist;
				LD_RUNPATH_SEARCH_PATHS = "$(inherited) @executable_path/Frameworks @loader_path/Frameworks";
				PRODUCT_BUNDLE_IDENTIFIER = edu.self.JTGAppTests;
				PRODUCT_NAME = "$(TARGET_NAME)";
				TEST_HOST = "$(BUILT_PRODUCTS_DIR)/JTGApp.app/JTGApp";
			};
			name = Debug;
		};
		80D998411CE20C9B009C6E1A /* Release */ = {
			isa = XCBuildConfiguration;
			buildSettings = {
				BUNDLE_LOADER = "$(TEST_HOST)";
				INFOPLIST_FILE = JTGAppTests/Info.plist;
				LD_RUNPATH_SEARCH_PATHS = "$(inherited) @executable_path/Frameworks @loader_path/Frameworks";
				PRODUCT_BUNDLE_IDENTIFIER = edu.self.JTGAppTests;
				PRODUCT_NAME = "$(TARGET_NAME)";
				TEST_HOST = "$(BUILT_PRODUCTS_DIR)/JTGApp.app/JTGApp";
			};
			name = Release;
		};
		80D998431CE20C9B009C6E1A /* Debug */ = {
			isa = XCBuildConfiguration;
			buildSettings = {
				INFOPLIST_FILE = JTGAppUITests/Info.plist;
				LD_RUNPATH_SEARCH_PATHS = "$(inherited) @executable_path/Frameworks @loader_path/Frameworks";
				PRODUCT_BUNDLE_IDENTIFIER = edu.self.JTGAppUITests;
				PRODUCT_NAME = "$(TARGET_NAME)";
				TEST_TARGET_NAME = JTGApp;
			};
			name = Debug;
		};
		80D998441CE20C9B009C6E1A /* Release */ = {
			isa = XCBuildConfiguration;
			buildSettings = {
				INFOPLIST_FILE = JTGAppUITests/Info.plist;
				LD_RUNPATH_SEARCH_PATHS = "$(inherited) @executable_path/Frameworks @loader_path/Frameworks";
				PRODUCT_BUNDLE_IDENTIFIER = edu.self.JTGAppUITests;
				PRODUCT_NAME = "$(TARGET_NAME)";
				TEST_TARGET_NAME = JTGApp;
			};
			name = Release;
		};
/* End XCBuildConfiguration section */

/* Begin XCConfigurationList section */
		80D9980F1CE20C9B009C6E1A /* Build configuration list for PBXProject "JTGApp" */ = {
			isa = XCConfigurationList;
			buildConfigurations = (
				80D9983A1CE20C9B009C6E1A /* Debug */,
				80D9983B1CE20C9B009C6E1A /* Release */,
			);
			defaultConfigurationIsVisible = 0;
			defaultConfigurationName = Release;
		};
		80D9983C1CE20C9B009C6E1A /* Build configuration list for PBXNativeTarget "JTGApp" */ = {
			isa = XCConfigurationList;
			buildConfigurations = (
				80D9983D1CE20C9B009C6E1A /* Debug */,
				80D9983E1CE20C9B009C6E1A /* Release */,
			);
			defaultConfigurationIsVisible = 0;
			defaultConfigurationName = Release;
		};
		80D9983F1CE20C9B009C6E1A /* Build configuration list for PBXNativeTarget "JTGAppTests" */ = {
			isa = XCConfigurationList;
			buildConfigurations = (
				80D998401CE20C9B009C6E1A /* Debug */,
				80D998411CE20C9B009C6E1A /* Release */,
			);
			defaultConfigurationIsVisible = 0;
			defaultConfigurationName = Release;
		};
		80D998421CE20C9B009C6E1A /* Build configuration list for PBXNativeTarget "JTGAppUITests" */ = {
			isa = XCConfigurationList;
			buildConfigurations = (
				80D998431CE20C9B009C6E1A /* Debug */,
				80D998441CE20C9B009C6E1A /* Release */,
			);
			defaultConfigurationIsVisible = 0;
			defaultConfigurationName = Release;
		};
/* End XCConfigurationList section */
	};
	rootObject = 80D9980C1CE20C9B009C6E1A /* Project object */;
}
